// !$*UTF8*$!
{
	archiveVersion = 1;
	classes = {
	};
	objectVersion = 50;
	objects = {

/* Begin PBXBuildFile section */
		FBDA43DF28D275140032FB48 /* AppDelegate.swift in Sources */ = {isa = PBXBuildFile; fileRef = FBDA43DE28D275140032FB48 /* AppDelegate.swift */; };
		FBDA43E128D275140032FB48 /* SceneDelegate.swift in Sources */ = {isa = PBXBuildFile; fileRef = FBDA43E028D275140032FB48 /* SceneDelegate.swift */; };
		FBDA43E328D275140032FB48 /* ViewController.swift in Sources */ = {isa = PBXBuildFile; fileRef = FBDA43E228D275140032FB48 /* ViewController.swift */; };
		FBDA43E628D275140032FB48 /* Main.storyboard in Resources */ = {isa = PBXBuildFile; fileRef = FBDA43E428D275140032FB48 /* Main.storyboard */; };
		FBDA43E828D275190032FB48 /* Assets.xcassets in Resources */ = {isa = PBXBuildFile; fileRef = FBDA43E728D275190032FB48 /* Assets.xcassets */; };
		FBDA43EB28D275190032FB48 /* LaunchScreen.storyboard in Resources */ = {isa = PBXBuildFile; fileRef = FBDA43E928D275190032FB48 /* LaunchScreen.storyboard */; };
		FBDA43F428D278A90032FB48 /* ViewControllerCirculo.swift in Sources */ = {isa = PBXBuildFile; fileRef = FBDA43F328D278A90032FB48 /* ViewControllerCirculo.swift */; };
		FBDA43F728D278EB0032FB48 /* ViewControllerCuadrado.swift in Sources */ = {isa = PBXBuildFile; fileRef = FBDA43F628D278EB0032FB48 /* ViewControllerCuadrado.swift */; };
/* End PBXBuildFile section */

/* Begin PBXFileReference section */
		FBDA43DB28D275140032FB48 /* Actividad6.app */ = {isa = PBXFileReference; explicitFileType = wrapper.application; includeInIndex = 0; path = Actividad6.app; sourceTree = BUILT_PRODUCTS_DIR; };
		FBDA43DE28D275140032FB48 /* AppDelegate.swift */ = {isa = PBXFileReference; lastKnownFileType = sourcecode.swift; path = AppDelegate.swift; sourceTree = "<group>"; };
		FBDA43E028D275140032FB48 /* SceneDelegate.swift */ = {isa = PBXFileReference; lastKnownFileType = sourcecode.swift; path = SceneDelegate.swift; sourceTree = "<group>"; };
		FBDA43E228D275140032FB48 /* ViewController.swift */ = {isa = PBXFileReference; lastKnownFileType = sourcecode.swift; path = ViewController.swift; sourceTree = "<group>"; };
		FBDA43E528D275140032FB48 /* Base */ = {isa = PBXFileReference; lastKnownFileType = file.storyboard; name = Base; path = Base.lproj/Main.storyboard; sourceTree = "<group>"; };
		FBDA43E728D275190032FB48 /* Assets.xcassets */ = {isa = PBXFileReference; lastKnownFileType = folder.assetcatalog; path = Assets.xcassets; sourceTree = "<group>"; };
		FBDA43EA28D275190032FB48 /* Base */ = {isa = PBXFileReference; lastKnownFileType = file.storyboard; name = Base; path = Base.lproj/LaunchScreen.storyboard; sourceTree = "<group>"; };
		FBDA43EC28D275190032FB48 /* Info.plist */ = {isa = PBXFileReference; lastKnownFileType = text.plist.xml; path = Info.plist; sourceTree = "<group>"; };
		FBDA43F328D278A90032FB48 /* ViewControllerCirculo.swift */ = {isa = PBXFileReference; lastKnownFileType = sourcecode.swift; path = ViewControllerCirculo.swift; sourceTree = "<group>"; };
		FBDA43F628D278EB0032FB48 /* ViewControllerCuadrado.swift */ = {isa = PBXFileReference; lastKnownFileType = sourcecode.swift; path = ViewControllerCuadrado.swift; sourceTree = "<group>"; };
/* End PBXFileReference section */

/* Begin PBXFrameworksBuildPhase section */
		FBDA43D828D275140032FB48 /* Frameworks */ = {
			isa = PBXFrameworksBuildPhase;
			buildActionMask = 2147483647;
			files = (
			);
			runOnlyForDeploymentPostprocessing = 0;
		};
/* End PBXFrameworksBuildPhase section */

/* Begin PBXGroup section */
		FBDA43D228D275140032FB48 = {
			isa = PBXGroup;
			children = (
				FBDA43DD28D275140032FB48 /* Actividad6 */,
				FBDA43DC28D275140032FB48 /* Products */,
			);
			sourceTree = "<group>";
		};
		FBDA43DC28D275140032FB48 /* Products */ = {
			isa = PBXGroup;
			children = (
				FBDA43DB28D275140032FB48 /* Actividad6.app */,
			);
			name = Products;
			sourceTree = "<group>";
		};
		FBDA43DD28D275140032FB48 /* Actividad6 */ = {
			isa = PBXGroup;
			children = (
				FBDA43DE28D275140032FB48 /* AppDelegate.swift */,
				FBDA43E028D275140032FB48 /* SceneDelegate.swift */,
				FBDA43E228D275140032FB48 /* ViewController.swift */,
				FBDA43E428D275140032FB48 /* Main.storyboard */,
				FBDA43F328D278A90032FB48 /* ViewControllerCirculo.swift */,
				FBDA43F628D278EB0032FB48 /* ViewControllerCuadrado.swift */,
				FBDA43E728D275190032FB48 /* Assets.xcassets */,
				FBDA43E928D275190032FB48 /* LaunchScreen.storyboard */,
				FBDA43EC28D275190032FB48 /* Info.plist */,
			);
			path = Actividad6;
			sourceTree = "<group>";
		};
/* End PBXGroup section */

/* Begin PBXNativeTarget section */
		FBDA43DA28D275140032FB48 /* Actividad6 */ = {
			isa = PBXNativeTarget;
			buildConfigurationList = FBDA43EF28D275190032FB48 /* Build configuration list for PBXNativeTarget "Actividad6" */;
			buildPhases = (
				FBDA43D728D275140032FB48 /* Sources */,
				FBDA43D828D275140032FB48 /* Frameworks */,
				FBDA43D928D275140032FB48 /* Resources */,
			);
			buildRules = (
			);
			dependencies = (
			);
			name = Actividad6;
			productName = Actividad6;
			productReference = FBDA43DB28D275140032FB48 /* Actividad6.app */;
			productType = "com.apple.product-type.application";
		};
/* End PBXNativeTarget section */

/* Begin PBXProject section */
		FBDA43D328D275140032FB48 /* Project object */ = {
			isa = PBXProject;
			attributes = {
				LastSwiftUpdateCheck = 1240;
				LastUpgradeCheck = 1240;
				TargetAttributes = {
					FBDA43DA28D275140032FB48 = {
						CreatedOnToolsVersion = 12.4;
					};
				};
			};
			buildConfigurationList = FBDA43D628D275140032FB48 /* Build configuration list for PBXProject "Actividad6" */;
			compatibilityVersion = "Xcode 9.3";
			developmentRegion = en;
			hasScannedForEncodings = 0;
			knownRegions = (
				en,
				Base,
			);
			mainGroup = FBDA43D228D275140032FB48;
			productRefGroup = FBDA43DC28D275140032FB48 /* Products */;
			projectDirPath = "";
			projectRoot = "";
			targets = (
				FBDA43DA28D275140032FB48 /* Actividad6 */,
			);
		};
/* End PBXProject section */

/* Begin PBXResourcesBuildPhase section */
		FBDA43D928D275140032FB48 /* Resources */ = {
			isa = PBXResourcesBuildPhase;
			buildActionMask = 2147483647;
			files = (
				FBDA43EB28D275190032FB48 /* LaunchScreen.storyboard in Resources */,
				FBDA43E828D275190032FB48 /* Assets.xcassets in Resources */,
				FBDA43E628D275140032FB48 /* Main.storyboard in Resources */,
			);
			runOnlyForDeploymentPostprocessing = 0;
		};
/* End PBXResourcesBuildPhase section */

/* Begin PBXSourcesBuildPhase section */
		FBDA43D728D275140032FB48 /* Sources */ = {
			isa = PBXSourcesBuildPhase;
			buildActionMask = 2147483647;
			files = (
				FBDA43F728D278EB0032FB48 /* ViewControllerCuadrado.swift in Sources */,
				FBDA43E328D275140032FB48 /* ViewController.swift in Sources */,
				FBDA43DF28D275140032FB48 /* AppDelegate.swift in Sources */,
				FBDA43F428D278A90032FB48 /* ViewControllerCirculo.swift in Sources */,
				FBDA43E128D275140032FB48 /* SceneDelegate.swift in Sources */,
			);
			runOnlyForDeploymentPostprocessing = 0;
		};
/* End PBXSourcesBuildPhase section */

/* Begin PBXVariantGroup section */
		FBDA43E428D275140032FB48 /* Main.storyboard */ = {
			isa = PBXVariantGroup;
			children = (
				FBDA43E528D275140032FB48 /* Base */,
			);
			name = Main.storyboard;
			sourceTree = "<group>";
		};
		FBDA43E928D275190032FB48 /* LaunchScreen.storyboard */ = {
			isa = PBXVariantGroup;
			children = (
				FBDA43EA28D275190032FB48 /* Base */,
			);
			name = LaunchScreen.storyboard;
			sourceTree = "<group>";
		};
/* End PBXVariantGroup section */

/* Begin XCBuildConfiguration section */
		FBDA43ED28D275190032FB48 /* Debug */ = {
			isa = XCBuildConfiguration;
			buildSettings = {
				ALWAYS_SEARCH_USER_PATHS = NO;
				CLANG_ANALYZER_NONNULL = YES;
				CLANG_ANALYZER_NUMBER_OBJECT_CONVERSION = YES_AGGRESSIVE;
				CLANG_CXX_LANGUAGE_STANDARD = "gnu++14";
				CLANG_CXX_LIBRARY = "libc++";
				CLANG_ENABLE_MODULES = YES;
				CLANG_ENABLE_OBJC_ARC = YES;
				CLANG_ENABLE_OBJC_WEAK = YES;
				CLANG_WARN_BLOCK_CAPTURE_AUTORELEASING = YES;
				CLANG_WARN_BOOL_CONVERSION = YES;
				CLANG_WARN_COMMA = YES;
				CLANG_WARN_CONSTANT_CONVERSION = YES;
				CLANG_WARN_DEPRECATED_OBJC_IMPLEMENTATIONS = YES;
				CLANG_WARN_DIRECT_OBJC_ISA_USAGE = YES_ERROR;
				CLANG_WARN_DOCUMENTATION_COMMENTS = YES;
				CLANG_WARN_EMPTY_BODY = YES;
				CLANG_WARN_ENUM_CONVERSION = YES;
				CLANG_WARN_INFINITE_RECURSION = YES;
				CLANG_WARN_INT_CONVERSION = YES;
				CLANG_WARN_NON_LITERAL_NULL_CONVERSION = YES;
				CLANG_WARN_OBJC_IMPLICIT_RETAIN_SELF = YES;
				CLANG_WARN_OBJC_LITERAL_CONVERSION = YES;
				CLANG_WARN_OBJC_ROOT_CLASS = YES_ERROR;
				CLANG_WARN_QUOTED_INCLUDE_IN_FRAMEWORK_HEADER = YES;
				CLANG_WARN_RANGE_LOOP_ANALYSIS = YES;
				CLANG_WARN_STRICT_PROTOTYPES = YES;
				CLANG_WARN_SUSPICIOUS_MOVE = YES;
				CLANG_WARN_UNGUARDED_AVAILABILITY = YES_AGGRESSIVE;
				CLANG_WARN_UNREACHABLE_CODE = YES;
				CLANG_WARN__DUPLICATE_METHOD_MATCH = YES;
				COPY_PHASE_STRIP = NO;
				DEBUG_INFORMATION_FORMAT = dwarf;
				ENABLE_STRICT_OBJC_MSGSEND = YES;
				ENABLE_TESTABILITY = YES;
				GCC_C_LANGUAGE_STANDARD = gnu11;
				GCC_DYNAMIC_NO_PIC = NO;
				GCC_NO_COMMON_BLOCKS = YES;
				GCC_OPTIMIZATION_LEVEL = 0;
				GCC_PREPROCESSOR_DEFINITIONS = (
					"DEBUG=1",
					"$(inherited)",
				);
				GCC_WARN_64_TO_32_BIT_CONVERSION = YES;
				GCC_WARN_ABOUT_RETURN_TYPE = YES_ERROR;
				GCC_WARN_UNDECLARED_SELECTOR = YES;
				GCC_WARN_UNINITIALIZED_AUTOS = YES_AGGRESSIVE;
				GCC_WARN_UNUSED_FUNCTION = YES;
				GCC_WARN_UNUSED_VARIABLE = YES;
				IPHONEOS_DEPLOYMENT_TARGET = 14.4;
				MTL_ENABLE_DEBUG_INFO = INCLUDE_SOURCE;
				MTL_FAST_MATH = YES;
				ONLY_ACTIVE_ARCH = YES;
				SDKROOT = iphoneos;
				SWIFT_ACTIVE_COMPILATION_CONDITIONS = DEBUG;
				SWIFT_OPTIMIZATION_LEVEL = "-Onone";
			};
			name = Debug;
		};
		FBDA43EE28D275190032FB48 /* Release */ = {
			isa = XCBuildConfiguration;
			buildSettings = {
				ALWAYS_SEARCH_USER_PATHS = NO;
				CLANG_ANALYZER_NONNULL = YES;
				CLANG_ANALYZER_NUMBER_OBJECT_CONVERSION = YES_AGGRESSIVE;
				CLANG_CXX_LANGUAGE_STANDARD = "gnu++14";
				CLANG_CXX_LIBRARY = "libc++";
				CLANG_ENABLE_MODULES = YES;
				CLANG_ENABLE_OBJC_ARC = YES;
				CLANG_ENABLE_OBJC_WEAK = YES;
				CLANG_WARN_BLOCK_CAPTURE_AUTORELEASING = YES;
				CLANG_WARN_BOOL_CONVERSION = YES;
				CLANG_WARN_COMMA = YES;
				CLANG_WARN_CONSTANT_CONVERSION = YES;
				CLANG_WARN_DEPRECATED_OBJC_IMPLEMENTATIONS = YES;
				CLANG_WARN_DIRECT_OBJC_ISA_USAGE = YES_ERROR;
				CLANG_WARN_DOCUMENTATION_COMMENTS = YES;
				CLANG_WARN_EMPTY_BODY = YES;
				CLANG_WARN_ENUM_CONVERSION = YES;
				CLANG_WARN_INFINITE_RECURSION = YES;
				CLANG_WARN_INT_CONVERSION = YES;
				CLANG_WARN_NON_LITERAL_NULL_CONVERSION = YES;
				CLANG_WARN_OBJC_IMPLICIT_RETAIN_SELF = YES;
				CLANG_WARN_OBJC_LITERAL_CONVERSION = YES;
				CLANG_WARN_OBJC_ROOT_CLASS = YES_ERROR;
				CLANG_WARN_QUOTED_INCLUDE_IN_FRAMEWORK_HEADER = YES;
				CLANG_WARN_RANGE_LOOP_ANALYSIS = YES;
				CLANG_WARN_STRICT_PROTOTYPES = YES;
				CLANG_WARN_SUSPICIOUS_MOVE = YES;
				CLANG_WARN_UNGUARDED_AVAILABILITY = YES_AGGRESSIVE;
				CLANG_WARN_UNREACHABLE_CODE = YES;
				CLANG_WARN__DUPLICATE_METHOD_MATCH = YES;
				COPY_PHASE_STRIP = NO;
				DEBUG_INFORMATION_FORMAT = "dwarf-with-dsym";
				ENABLE_NS_ASSERTIONS = NO;
				ENABLE_STRICT_OBJC_MSGSEND = YES;
				GCC_C_LANGUAGE_STANDARD = gnu11;
				GCC_NO_COMMON_BLOCKS = YES;
				GCC_WARN_64_TO_32_BIT_CONVERSION = YES;
				GCC_WARN_ABOUT_RETURN_TYPE = YES_ERROR;
				GCC_WARN_UNDECLARED_SELECTOR = YES;
				GCC_WARN_UNINITIALIZED_AUTOS = YES_AGGRESSIVE;
				GCC_WARN_UNUSED_FUNCTION = YES;
				GCC_WARN_UNUSED_VARIABLE = YES;
				IPHONEOS_DEPLOYMENT_TARGET = 14.4;
				MTL_ENABLE_DEBUG_INFO = NO;
				MTL_FAST_MATH = YES;
				SDKROOT = iphoneos;
				SWIFT_COMPILATION_MODE = wholemodule;
				SWIFT_OPTIMIZATION_LEVEL = "-O";
				VALIDATE_PRODUCT = YES;
			};
			name = Release;
		};
		FBDA43F028D275190032FB48 /* Debug */ = {
			isa = XCBuildConfiguration;
			buildSettings = {
				ASSETCATALOG_COMPILER_APPICON_NAME = AppIcon;
				ASSETCATALOG_COMPILER_GLOBAL_ACCENT_COLOR_NAME = AccentColor;
				CODE_SIGN_STYLE = Automatic;
				INFOPLIST_FILE = Actividad6/Info.plist;
				LD_RUNPATH_SEARCH_PATHS = (
					"$(inherited)",
					"@executable_path/Frameworks",
				);
				PRODUCT_BUNDLE_IDENTIFIER = tecmi.Actividad6;
				PRODUCT_NAME = "$(TARGET_NAME)";
				SWIFT_VERSION = 5.0;
				TARGETED_DEVICE_FAMILY = "1,2";
			};
			name = Debug;
		};
		FBDA43F128D275190032FB48 /* Release */ = {
			isa = XCBuildConfiguration;
			buildSettings = {
				ASSETCATALOG_COMPILER_APPICON_NAME = AppIcon;
				ASSETCATALOG_COMPILER_GLOBAL_ACCENT_COLOR_NAME = AccentColor;
				CODE_SIGN_STYLE = Automatic;
				INFOPLIST_FILE = Actividad6/Info.plist;
				LD_RUNPATH_SEARCH_PATHS = (
					"$(inherited)",
					"@executable_path/Frameworks",
				);
				PRODUCT_BUNDLE_IDENTIFIER = tecmi.Actividad6;
				PRODUCT_NAME = "$(TARGET_NAME)";
				SWIFT_VERSION = 5.0;
				TARGETED_DEVICE_FAMILY = "1,2";
			};
			name = Release;
		};
/* End XCBuildConfiguration section */

/* Begin XCConfigurationList section */
		FBDA43D628D275140032FB48 /* Build configuration list for PBXProject "Actividad6" */ = {
			isa = XCConfigurationList;
			buildConfigurations = (
				FBDA43ED28D275190032FB48 /* Debug */,
				FBDA43EE28D275190032FB48 /* Release */,
			);
			defaultConfigurationIsVisible = 0;
			defaultConfigurationName = Release;
		};
		FBDA43EF28D275190032FB48 /* Build configuration list for PBXNativeTarget "Actividad6" */ = {
			isa = XCConfigurationList;
			buildConfigurations = (
				FBDA43F028D275190032FB48 /* Debug */,
				FBDA43F128D275190032FB48 /* Release */,
			);
			defaultConfigurationIsVisible = 0;
			defaultConfigurationName = Release;
		};
/* End XCConfigurationList section */
	};
	rootObject = FBDA43D328D275140032FB48 /* Project object */;
}
